
Microsoft Visual Studio Solution File, Format Version 12.00
# Visual Studio 15
VisualStudioVersion = 15.0.28307.852
MinimumVisualStudioVersion = 10.0.40219.1
Project("{8BC9CEB8-8B4A-11D0-8D11-00A0C91BC942}") = "SP_Lab5_Kriuchenkov", "SP_Lab5_Kriuchenkov\SP_Lab5_Kriuchenkov.vcxproj", "{AC31F34A-51D2-45A8-9065-99F16B3C1C67}"
EndProject
Project("{8BC9CEB8-8B4A-11D0-8D11-00A0C91BC942}") = "SP_Lab5_1_Kriuchenkov", "SP_Lab5_1_Kriuchenkov\SP_Lab5_1_Kriuchenkov.vcxproj", "{DA79379B-4CAE-49CF-B4D3-F54E32C0FDB1}"
EndProject
Project("{8BC9CEB8-8B4A-11D0-8D11-00A0C91BC942}") = "SP_Lab5_2_Kriuchenkov", "SP_Lab5_2_Kriuchenkov\SP_Lab5_2_Kriuchenkov.vcxproj", "{1DFCFFCA-DBF5-4DA9-8ADE-76F5A1E550D5}"
EndProject
Global
	GlobalSection(SolutionConfigurationPlatforms) = preSolution
		Debug|x64 = Debug|x64
		Debug|x86 = Debug|x86
		Release|x64 = Release|x64
		Release|x86 = Release|x86
	EndGlobalSection
	GlobalSection(ProjectConfigurationPlatforms) = postSolution
		{AC31F34A-51D2-45A8-9065-99F16B3C1C67}.Debug|x64.ActiveCfg = Debug|x64
		{AC31F34A-51D2-45A8-9065-99F16B3C1C67}.Debug|x64.Build.0 = Debug|x64
		{AC31F34A-51D2-45A8-9065-99F16B3C1C67}.Debug|x86.ActiveCfg = Debug|Win32
		{AC31F34A-51D2-45A8-9065-99F16B3C1C67}.Debug|x86.Build.0 = Debug|Win32
		{AC31F34A-51D2-45A8-9065-99F16B3C1C67}.Release|x64.ActiveCfg = Release|x64
		{AC31F34A-51D2-45A8-9065-99F16B3C1C67}.Release|x64.Build.0 = Release|x64
		{AC31F34A-51D2-45A8-9065-99F16B3C1C67}.Release|x86.ActiveCfg = Release|Win32
		{AC31F34A-51D2-45A8-9065-99F16B3C1C67}.Release|x86.Build.0 = Release|Win32
		{DA79379B-4CAE-49CF-B4D3-F54E32C0FDB1}.Debug|x64.ActiveCfg = Debug|x64
		{DA79379B-4CAE-49CF-B4D3-F54E32C0FDB1}.Debug|x64.Build.0 = Debug|x64
		{DA79379B-4CAE-49CF-B4D3-F54E32C0FDB1}.Debug|x86.ActiveCfg = Debug|Win32
		{DA79379B-4CAE-49CF-B4D3-F54E32C0FDB1}.Debug|x86.Build.0 = Debug|Win32
		{DA79379B-4CAE-49CF-B4D3-F54E32C0FDB1}.Release|x64.ActiveCfg = Release|x64
		{DA79379B-4CAE-49CF-B4D3-F54E32C0FDB1}.Release|x64.Build.0 = Release|x64
		{DA79379B-4CAE-49CF-B4D3-F54E32C0FDB1}.Release|x86.ActiveCfg = Release|Win32
		{DA79379B-4CAE-49CF-B4D3-F54E32C0FDB1}.Release|x86.Build.0 = Release|Win32
		{1DFCFFCA-DBF5-4DA9-8ADE-76F5A1E550D5}.Debug|x64.ActiveCfg = Debug|x64
		{1DFCFFCA-DBF5-4DA9-8ADE-76F5A1E550D5}.Debug|x64.Build.0 = Debug|x64
		{1DFCFFCA-DBF5-4DA9-8ADE-76F5A1E550D5}.Debug|x86.ActiveCfg = Debug|Win32
		{1DFCFFCA-DBF5-4DA9-8ADE-76F5A1E550D5}.Debug|x86.Build.0 = Debug|Win32
		{1DFCFFCA-DBF5-4DA9-8ADE-76F5A1E550D5}.Release|x64.ActiveCfg = Release|x64
		{1DFCFFCA-DBF5-4DA9-8ADE-76F5A1E550D5}.Release|x64.Build.0 = Release|x64
		{1DFCFFCA-DBF5-4DA9-8ADE-76F5A1E550D5}.Release|x86.ActiveCfg = Release|Win32
		{1DFCFFCA-DBF5-4DA9-8ADE-76F5A1E550D5}.Release|x86.Build.0 = Release|Win32
	EndGlobalSection
	GlobalSection(SolutionProperties) = preSolution
		HideSolutionNode = FALSE
	EndGlobalSection
	GlobalSection(ExtensibilityGlobals) = postSolution
		SolutionGuid = {DA94568B-EDFE-4E17-B47C-645AA32A9F49}
	EndGlobalSection
EndGlobal
